
Microsoft Visual Studio Solution File, Format Version 12.00
# Visual Studio Version 17
VisualStudioVersion = 17.5.33627.172
MinimumVisualStudioVersion = 10.0.40219.1
Project("{FAE04EC0-301F-11D3-BF4B-00C04F79EFBC}") = "ConsultorioMedicoAPI", "ConsultorioMedicoAPI\ConsultorioMedicoAPI.csproj", "{CD2BEF67-33AD-436F-8656-054324283558}"
EndProject
Global
	GlobalSection(SolutionConfigurationPlatforms) = preSolution
		Debug|Any CPU = Debug|Any CPU
		Release|Any CPU = Release|Any CPU
	EndGlobalSection
	GlobalSection(ProjectConfigurationPlatforms) = postSolution
		{CD2BEF67-33AD-436F-8656-054324283558}.Debug|Any CPU.ActiveCfg = Debug|Any CPU
		{CD2BEF67-33AD-436F-8656-054324283558}.Debug|Any CPU.Build.0 = Debug|Any CPU
		{CD2BEF67-33AD-436F-8656-054324283558}.Release|Any CPU.ActiveCfg = Release|Any CPU
		{CD2BEF67-33AD-436F-8656-054324283558}.Release|Any CPU.Build.0 = Release|Any CPU
	EndGlobalSection
	GlobalSection(SolutionProperties) = preSolution
		HideSolutionNode = FALSE
	EndGlobalSection
	GlobalSection(ExtensibilityGlobals) = postSolution
		SolutionGuid = {2F5024A4-0306-4141-B37F-0C23E348E9D3}
	EndGlobalSection
EndGlobal
